// !$*UTF8*$!
{
	archiveVersion = 1;
	classes = {
	};
	objectVersion = 56;
	objects = {

/* Begin PBXBuildFile section */
		064B82EF2DA73833002E71CA /* Information.swift in Sources */ = {isa = PBXBuildFile; fileRef = 064B82EE2DA73833002E71CA /* Information.swift */; };
		065F803D2DA48BE200626A67 /* AcompanhamentoView.swift in Sources */ = {isa = PBXBuildFile; fileRef = 065F803C2DA48BE200626A67 /* AcompanhamentoView.swift */; };
		065F80432DA495CE00626A67 /* TabPacienteView.swift in Sources */ = {isa = PBXBuildFile; fileRef = 065F80422DA495CE00626A67 /* TabPacienteView.swift */; };
		065F80452DA4968800626A67 /* CuidadosView.swift in Sources */ = {isa = PBXBuildFile; fileRef = 065F80442DA4968800626A67 /* CuidadosView.swift */; };
		065F80472DA496C200626A67 /* HistoricoView.swift in Sources */ = {isa = PBXBuildFile; fileRef = 065F80462DA496C100626A67 /* HistoricoView.swift */; };
		065F804B2DA49A4F00626A67 /* TabHospitalView.swift in Sources */ = {isa = PBXBuildFile; fileRef = 065F804A2DA49A4F00626A67 /* TabHospitalView.swift */; };
		065F804E2DA49CE900626A67 /* PacienteCard.swift in Sources */ = {isa = PBXBuildFile; fileRef = 065F804D2DA49CE900626A67 /* PacienteCard.swift */; };
		065F80572DA4AC2700626A67 /* ModelView.swift in Sources */ = {isa = PBXBuildFile; fileRef = 065F80562DA4AC2700626A67 /* ModelView.swift */; };
		065F80592DA4AC6A00626A67 /* Paciente.swift in Sources */ = {isa = PBXBuildFile; fileRef = 065F80582DA4AC6A00626A67 /* Paciente.swift */; };
		068F106B2DA09CC00059604F /* FioVitalApp.swift in Sources */ = {isa = PBXBuildFile; fileRef = 068F106A2DA09CC00059604F /* FioVitalApp.swift */; };
		068F106D2DA09CC00059604F /* ContentView.swift in Sources */ = {isa = PBXBuildFile; fileRef = 068F106C2DA09CC00059604F /* ContentView.swift */; };
		068F106F2DA09CC20059604F /* Assets.xcassets in Resources */ = {isa = PBXBuildFile; fileRef = 068F106E2DA09CC20059604F /* Assets.xcassets */; };
		068F10732DA09CC20059604F /* Preview Assets.xcassets in Resources */ = {isa = PBXBuildFile; fileRef = 068F10722DA09CC20059604F /* Preview Assets.xcassets */; };
		068F107B2DA09D4B0059604F /* CadastroView.swift in Sources */ = {isa = PBXBuildFile; fileRef = 068F107A2DA09D4B0059604F /* CadastroView.swift */; };
		06941C522DA5E2C400EC71FD /* Grafico.swift in Sources */ = {isa = PBXBuildFile; fileRef = 06941C512DA5E2C400EC71FD /* Grafico.swift */; };
		06941C542DA5E3BB00EC71FD /* Batimentos.swift in Sources */ = {isa = PBXBuildFile; fileRef = 06941C532DA5E3BB00EC71FD /* Batimentos.swift */; };
		06941C562DA5EB3800EC71FD /* Sheet.swift in Sources */ = {isa = PBXBuildFile; fileRef = 06941C552DA5EB3700EC71FD /* Sheet.swift */; };
		06941C582DA5FFC600EC71FD /* Localizador.swift in Sources */ = {isa = PBXBuildFile; fileRef = 06941C572DA5FFC600EC71FD /* Localizador.swift */; };
		06EBD9632DA0AD8B00603B55 /* MonitorView.swift in Sources */ = {isa = PBXBuildFile; fileRef = 06EBD9622DA0AD8B00603B55 /* MonitorView.swift */; };
		06EBD9662DA0B01C00603B55 /* Monito.swift in Sources */ = {isa = PBXBuildFile; fileRef = 06EBD9652DA0B01C00603B55 /* Monito.swift */; };
		06EBD9682DA0B8CB00603B55 /* pulseView.swift in Sources */ = {isa = PBXBuildFile; fileRef = 06EBD9672DA0B8CB00603B55 /* pulseView.swift */; };
/* End PBXBuildFile section */

/* Begin PBXFileReference section */
		064B82EE2DA73833002E71CA /* Information.swift */ = {isa = PBXFileReference; lastKnownFileType = sourcecode.swift; path = Information.swift; sourceTree = "<group>"; };
		065F803C2DA48BE200626A67 /* AcompanhamentoView.swift */ = {isa = PBXFileReference; lastKnownFileType = sourcecode.swift; path = AcompanhamentoView.swift; sourceTree = "<group>"; };
		065F80422DA495CE00626A67 /* TabPacienteView.swift */ = {isa = PBXFileReference; lastKnownFileType = sourcecode.swift; path = TabPacienteView.swift; sourceTree = "<group>"; };
		065F80442DA4968800626A67 /* CuidadosView.swift */ = {isa = PBXFileReference; lastKnownFileType = sourcecode.swift; path = CuidadosView.swift; sourceTree = "<group>"; };
		065F80462DA496C100626A67 /* HistoricoView.swift */ = {isa = PBXFileReference; lastKnownFileType = sourcecode.swift; path = HistoricoView.swift; sourceTree = "<group>"; };
		065F804A2DA49A4F00626A67 /* TabHospitalView.swift */ = {isa = PBXFileReference; lastKnownFileType = sourcecode.swift; path = TabHospitalView.swift; sourceTree = "<group>"; };
		065F804D2DA49CE900626A67 /* PacienteCard.swift */ = {isa = PBXFileReference; lastKnownFileType = sourcecode.swift; path = PacienteCard.swift; sourceTree = "<group>"; };
		065F80562DA4AC2700626A67 /* ModelView.swift */ = {isa = PBXFileReference; lastKnownFileType = sourcecode.swift; path = ModelView.swift; sourceTree = "<group>"; };
		065F80582DA4AC6A00626A67 /* Paciente.swift */ = {isa = PBXFileReference; lastKnownFileType = sourcecode.swift; path = Paciente.swift; sourceTree = "<group>"; };
		068F10672DA09CC00059604F /* FioVital.app */ = {isa = PBXFileReference; explicitFileType = wrapper.application; includeInIndex = 0; path = FioVital.app; sourceTree = BUILT_PRODUCTS_DIR; };
		068F106A2DA09CC00059604F /* FioVitalApp.swift */ = {isa = PBXFileReference; lastKnownFileType = sourcecode.swift; path = FioVitalApp.swift; sourceTree = "<group>"; };
		068F106C2DA09CC00059604F /* ContentView.swift */ = {isa = PBXFileReference; lastKnownFileType = sourcecode.swift; path = ContentView.swift; sourceTree = "<group>"; };
		068F106E2DA09CC20059604F /* Assets.xcassets */ = {isa = PBXFileReference; lastKnownFileType = folder.assetcatalog; path = Assets.xcassets; sourceTree = "<group>"; };
		068F10702DA09CC20059604F /* FioVital.entitlements */ = {isa = PBXFileReference; lastKnownFileType = text.plist.entitlements; path = FioVital.entitlements; sourceTree = "<group>"; };
		068F10722DA09CC20059604F /* Preview Assets.xcassets */ = {isa = PBXFileReference; lastKnownFileType = folder.assetcatalog; path = "Preview Assets.xcassets"; sourceTree = "<group>"; };
		068F107A2DA09D4B0059604F /* CadastroView.swift */ = {isa = PBXFileReference; lastKnownFileType = sourcecode.swift; path = CadastroView.swift; sourceTree = "<group>"; };
		06941C512DA5E2C400EC71FD /* Grafico.swift */ = {isa = PBXFileReference; lastKnownFileType = sourcecode.swift; path = Grafico.swift; sourceTree = "<group>"; };
		06941C532DA5E3BB00EC71FD /* Batimentos.swift */ = {isa = PBXFileReference; lastKnownFileType = sourcecode.swift; path = Batimentos.swift; sourceTree = "<group>"; };
		06941C552DA5EB3700EC71FD /* Sheet.swift */ = {isa = PBXFileReference; lastKnownFileType = sourcecode.swift; path = Sheet.swift; sourceTree = "<group>"; };
		06941C572DA5FFC600EC71FD /* Localizador.swift */ = {isa = PBXFileReference; lastKnownFileType = sourcecode.swift; path = Localizador.swift; sourceTree = "<group>"; };
		06EBD9622DA0AD8B00603B55 /* MonitorView.swift */ = {isa = PBXFileReference; lastKnownFileType = sourcecode.swift; path = MonitorView.swift; sourceTree = "<group>"; };
		06EBD9652DA0B01C00603B55 /* Monito.swift */ = {isa = PBXFileReference; lastKnownFileType = sourcecode.swift; path = Monito.swift; sourceTree = "<group>"; };
		06EBD9672DA0B8CB00603B55 /* pulseView.swift */ = {isa = PBXFileReference; lastKnownFileType = sourcecode.swift; path = pulseView.swift; sourceTree = "<group>"; };
/* End PBXFileReference section */

/* Begin PBXFrameworksBuildPhase section */
		068F10642DA09CC00059604F /* Frameworks */ = {
			isa = PBXFrameworksBuildPhase;
			buildActionMask = 2147483647;
			files = (
			);
			runOnlyForDeploymentPostprocessing = 0;
		};
/* End PBXFrameworksBuildPhase section */

/* Begin PBXGroup section */
		065F80412DA495AC00626A67 /* TabPacientView */ = {
			isa = PBXGroup;
			children = (
				065F80422DA495CE00626A67 /* TabPacienteView.swift */,
			);
			path = TabPacientView;
			sourceTree = "<group>";
		};
		065F80482DA498DD00626A67 /* Pages */ = {
			isa = PBXGroup;
			children = (
				068F107C2DA09E0E0059604F /* Componentes */,
				065F80412DA495AC00626A67 /* TabPacientView */,
				065F80492DA499AC00626A67 /* TabHospitalView */,
				068F10802DA09F9C0059604F /* Acompanhamento */,
				068F107E2DA09F810059604F /* Cuidados */,
				068F107F2DA09F890059604F /* Historico */,
				068F107D2DA09F710059604F /* Monitor */,
				068F10792DA09D2D0059604F /* Cadastro */,
			);
			path = Pages;
			sourceTree = "<group>";
		};
		065F80492DA499AC00626A67 /* TabHospitalView */ = {
			isa = PBXGroup;
			children = (
				065F804A2DA49A4F00626A67 /* TabHospitalView.swift */,
			);
			path = TabHospitalView;
			sourceTree = "<group>";
		};
		065F804C2DA49CC100626A67 /* Componentes */ = {
			isa = PBXGroup;
			children = (
				065F804D2DA49CE900626A67 /* PacienteCard.swift */,
				06941C552DA5EB3700EC71FD /* Sheet.swift */,
				06941C572DA5FFC600EC71FD /* Localizador.swift */,
			);
			path = Componentes;
			sourceTree = "<group>";
		};
		065F804F2DA4A5C600626A67 /* ViewModel */ = {
			isa = PBXGroup;
			children = (
				065F80562DA4AC2700626A67 /* ModelView.swift */,
				064B82EE2DA73833002E71CA /* Information.swift */,
			);
			path = ViewModel;
			sourceTree = "<group>";
		};
		065F80502DA4A5F700626A67 /* Model */ = {
			isa = PBXGroup;
			children = (
				065F80582DA4AC6A00626A67 /* Paciente.swift */,
				06941C532DA5E3BB00EC71FD /* Batimentos.swift */,
			);
			path = Model;
			sourceTree = "<group>";
		};
		068F105E2DA09CC00059604F = {
			isa = PBXGroup;
			children = (
				068F10692DA09CC00059604F /* FioVital */,
				068F10682DA09CC00059604F /* Products */,
			);
			sourceTree = "<group>";
		};
		068F10682DA09CC00059604F /* Products */ = {
			isa = PBXGroup;
			children = (
				068F10672DA09CC00059604F /* FioVital.app */,
			);
			name = Products;
			sourceTree = "<group>";
		};
		068F10692DA09CC00059604F /* FioVital */ = {
			isa = PBXGroup;
			children = (
				065F80502DA4A5F700626A67 /* Model */,
				065F804F2DA4A5C600626A67 /* ViewModel */,
				065F80482DA498DD00626A67 /* Pages */,
				068F106C2DA09CC00059604F /* ContentView.swift */,
				068F106E2DA09CC20059604F /* Assets.xcassets */,
				068F106A2DA09CC00059604F /* FioVitalApp.swift */,
				068F10702DA09CC20059604F /* FioVital.entitlements */,
				068F10712DA09CC20059604F /* Preview Content */,
			);
			path = FioVital;
			sourceTree = "<group>";
		};
		068F10712DA09CC20059604F /* Preview Content */ = {
			isa = PBXGroup;
			children = (
				068F10722DA09CC20059604F /* Preview Assets.xcassets */,
			);
			path = "Preview Content";
			sourceTree = "<group>";
		};
		068F10792DA09D2D0059604F /* Cadastro */ = {
			isa = PBXGroup;
			children = (
				068F107A2DA09D4B0059604F /* CadastroView.swift */,
			);
			path = Cadastro;
			sourceTree = "<group>";
		};
		068F107C2DA09E0E0059604F /* Componentes */ = {
			isa = PBXGroup;
			children = (
				06EBD9672DA0B8CB00603B55 /* pulseView.swift */,
				06941C512DA5E2C400EC71FD /* Grafico.swift */,
			);
			path = Componentes;
			sourceTree = "<group>";
		};
		068F107D2DA09F710059604F /* Monitor */ = {
			isa = PBXGroup;
			children = (
				06EBD9642DA0AF9000603B55 /* Componentes */,
				06EBD9622DA0AD8B00603B55 /* MonitorView.swift */,
			);
			path = Monitor;
			sourceTree = "<group>";
		};
		068F107E2DA09F810059604F /* Cuidados */ = {
			isa = PBXGroup;
			children = (
				065F80442DA4968800626A67 /* CuidadosView.swift */,
			);
			path = Cuidados;
			sourceTree = "<group>";
		};
		068F107F2DA09F890059604F /* Historico */ = {
			isa = PBXGroup;
			children = (
				065F80462DA496C100626A67 /* HistoricoView.swift */,
			);
			path = Historico;
			sourceTree = "<group>";
		};
		068F10802DA09F9C0059604F /* Acompanhamento */ = {
			isa = PBXGroup;
			children = (
				065F804C2DA49CC100626A67 /* Componentes */,
				065F803C2DA48BE200626A67 /* AcompanhamentoView.swift */,
			);
			path = Acompanhamento;
			sourceTree = "<group>";
		};
		06EBD9642DA0AF9000603B55 /* Componentes */ = {
			isa = PBXGroup;
			children = (
				06EBD9652DA0B01C00603B55 /* Monito.swift */,
			);
			path = Componentes;
			sourceTree = "<group>";
		};
/* End PBXGroup section */

/* Begin PBXNativeTarget section */
		068F10662DA09CC00059604F /* FioVital */ = {
			isa = PBXNativeTarget;
			buildConfigurationList = 068F10762DA09CC20059604F /* Build configuration list for PBXNativeTarget "FioVital" */;
			buildPhases = (
				068F10632DA09CC00059604F /* Sources */,
				068F10642DA09CC00059604F /* Frameworks */,
				068F10652DA09CC00059604F /* Resources */,
			);
			buildRules = (
			);
			dependencies = (
			);
			name = FioVital;
			productName = FioVital;
			productReference = 068F10672DA09CC00059604F /* FioVital.app */;
			productType = "com.apple.product-type.application";
		};
/* End PBXNativeTarget section */

/* Begin PBXProject section */
		068F105F2DA09CC00059604F /* Project object */ = {
			isa = PBXProject;
			attributes = {
				BuildIndependentTargetsInParallel = 1;
				LastSwiftUpdateCheck = 1540;
				LastUpgradeCheck = 1540;
				TargetAttributes = {
					068F10662DA09CC00059604F = {
						CreatedOnToolsVersion = 15.4;
					};
				};
			};
			buildConfigurationList = 068F10622DA09CC00059604F /* Build configuration list for PBXProject "FioVital" */;
			compatibilityVersion = "Xcode 14.0";
			developmentRegion = en;
			hasScannedForEncodings = 0;
			knownRegions = (
				en,
				Base,
			);
			mainGroup = 068F105E2DA09CC00059604F;
			productRefGroup = 068F10682DA09CC00059604F /* Products */;
			projectDirPath = "";
			projectRoot = "";
			targets = (
				068F10662DA09CC00059604F /* FioVital */,
			);
		};
/* End PBXProject section */

/* Begin PBXResourcesBuildPhase section */
		068F10652DA09CC00059604F /* Resources */ = {
			isa = PBXResourcesBuildPhase;
			buildActionMask = 2147483647;
			files = (
				068F10732DA09CC20059604F /* Preview Assets.xcassets in Resources */,
				068F106F2DA09CC20059604F /* Assets.xcassets in Resources */,
			);
			runOnlyForDeploymentPostprocessing = 0;
		};
/* End PBXResourcesBuildPhase section */

/* Begin PBXSourcesBuildPhase section */
		068F10632DA09CC00059604F /* Sources */ = {
			isa = PBXSourcesBuildPhase;
			buildActionMask = 2147483647;
			files = (
				065F80592DA4AC6A00626A67 /* Paciente.swift in Sources */,
				068F106D2DA09CC00059604F /* ContentView.swift in Sources */,
				065F80472DA496C200626A67 /* HistoricoView.swift in Sources */,
				06941C562DA5EB3800EC71FD /* Sheet.swift in Sources */,
				06941C522DA5E2C400EC71FD /* Grafico.swift in Sources */,
				065F803D2DA48BE200626A67 /* AcompanhamentoView.swift in Sources */,
				065F80452DA4968800626A67 /* CuidadosView.swift in Sources */,
				065F804E2DA49CE900626A67 /* PacienteCard.swift in Sources */,
				065F80432DA495CE00626A67 /* TabPacienteView.swift in Sources */,
				06941C542DA5E3BB00EC71FD /* Batimentos.swift in Sources */,
				068F106B2DA09CC00059604F /* FioVitalApp.swift in Sources */,
				065F80572DA4AC2700626A67 /* ModelView.swift in Sources */,
				06EBD9682DA0B8CB00603B55 /* pulseView.swift in Sources */,
				06941C582DA5FFC600EC71FD /* Localizador.swift in Sources */,
				06EBD9662DA0B01C00603B55 /* Monito.swift in Sources */,
				068F107B2DA09D4B0059604F /* CadastroView.swift in Sources */,
				065F804B2DA49A4F00626A67 /* TabHospitalView.swift in Sources */,
				064B82EF2DA73833002E71CA /* Information.swift in Sources */,
				06EBD9632DA0AD8B00603B55 /* MonitorView.swift in Sources */,
			);
			runOnlyForDeploymentPostprocessing = 0;
		};
/* End PBXSourcesBuildPhase section */

/* Begin XCBuildConfiguration section */
		068F10742DA09CC20059604F /* Debug */ = {
			isa = XCBuildConfiguration;
			buildSettings = {
				ALWAYS_SEARCH_USER_PATHS = NO;
				ASSETCATALOG_COMPILER_GENERATE_SWIFT_ASSET_SYMBOL_EXTENSIONS = YES;
				CLANG_ANALYZER_NONNULL = YES;
				CLANG_ANALYZER_NUMBER_OBJECT_CONVERSION = YES_AGGRESSIVE;
				CLANG_CXX_LANGUAGE_STANDARD = "gnu++20";
				CLANG_ENABLE_MODULES = YES;
				CLANG_ENABLE_OBJC_ARC = YES;
				CLANG_ENABLE_OBJC_WEAK = YES;
				CLANG_WARN_BLOCK_CAPTURE_AUTORELEASING = YES;
				CLANG_WARN_BOOL_CONVERSION = YES;
				CLANG_WARN_COMMA = YES;
				CLANG_WARN_CONSTANT_CONVERSION = YES;
				CLANG_WARN_DEPRECATED_OBJC_IMPLEMENTATIONS = YES;
				CLANG_WARN_DIRECT_OBJC_ISA_USAGE = YES_ERROR;
				CLANG_WARN_DOCUMENTATION_COMMENTS = YES;
				CLANG_WARN_EMPTY_BODY = YES;
				CLANG_WARN_ENUM_CONVERSION = YES;
				CLANG_WARN_INFINITE_RECURSION = YES;
				CLANG_WARN_INT_CONVERSION = YES;
				CLANG_WARN_NON_LITERAL_NULL_CONVERSION = YES;
				CLANG_WARN_OBJC_IMPLICIT_RETAIN_SELF = YES;
				CLANG_WARN_OBJC_LITERAL_CONVERSION = YES;
				CLANG_WARN_OBJC_ROOT_CLASS = YES_ERROR;
				CLANG_WARN_QUOTED_INCLUDE_IN_FRAMEWORK_HEADER = YES;
				CLANG_WARN_RANGE_LOOP_ANALYSIS = YES;
				CLANG_WARN_STRICT_PROTOTYPES = YES;
				CLANG_WARN_SUSPICIOUS_MOVE = YES;
				CLANG_WARN_UNGUARDED_AVAILABILITY = YES_AGGRESSIVE;
				CLANG_WARN_UNREACHABLE_CODE = YES;
				CLANG_WARN__DUPLICATE_METHOD_MATCH = YES;
				COPY_PHASE_STRIP = NO;
				DEBUG_INFORMATION_FORMAT = dwarf;
				ENABLE_STRICT_OBJC_MSGSEND = YES;
				ENABLE_TESTABILITY = YES;
				ENABLE_USER_SCRIPT_SANDBOXING = YES;
				GCC_C_LANGUAGE_STANDARD = gnu17;
				GCC_DYNAMIC_NO_PIC = NO;
				GCC_NO_COMMON_BLOCKS = YES;
				GCC_OPTIMIZATION_LEVEL = 0;
				GCC_PREPROCESSOR_DEFINITIONS = (
					"DEBUG=1",
					"$(inherited)",
				);
				GCC_WARN_64_TO_32_BIT_CONVERSION = YES;
				GCC_WARN_ABOUT_RETURN_TYPE = YES_ERROR;
				GCC_WARN_UNDECLARED_SELECTOR = YES;
				GCC_WARN_UNINITIALIZED_AUTOS = YES_AGGRESSIVE;
				GCC_WARN_UNUSED_FUNCTION = YES;
				GCC_WARN_UNUSED_VARIABLE = YES;
				LOCALIZATION_PREFERS_STRING_CATALOGS = YES;
				MTL_ENABLE_DEBUG_INFO = INCLUDE_SOURCE;
				MTL_FAST_MATH = YES;
				ONLY_ACTIVE_ARCH = YES;
				SWIFT_ACTIVE_COMPILATION_CONDITIONS = "DEBUG $(inherited)";
				SWIFT_OPTIMIZATION_LEVEL = "-Onone";
			};
			name = Debug;
		};
		068F10752DA09CC20059604F /* Release */ = {
			isa = XCBuildConfiguration;
			buildSettings = {
				ALWAYS_SEARCH_USER_PATHS = NO;
				ASSETCATALOG_COMPILER_GENERATE_SWIFT_ASSET_SYMBOL_EXTENSIONS = YES;
				CLANG_ANALYZER_NONNULL = YES;
				CLANG_ANALYZER_NUMBER_OBJECT_CONVERSION = YES_AGGRESSIVE;
				CLANG_CXX_LANGUAGE_STANDARD = "gnu++20";
				CLANG_ENABLE_MODULES = YES;
				CLANG_ENABLE_OBJC_ARC = YES;
				CLANG_ENABLE_OBJC_WEAK = YES;
				CLANG_WARN_BLOCK_CAPTURE_AUTORELEASING = YES;
				CLANG_WARN_BOOL_CONVERSION = YES;
				CLANG_WARN_COMMA = YES;
				CLANG_WARN_CONSTANT_CONVERSION = YES;
				CLANG_WARN_DEPRECATED_OBJC_IMPLEMENTATIONS = YES;
				CLANG_WARN_DIRECT_OBJC_ISA_USAGE = YES_ERROR;
				CLANG_WARN_DOCUMENTATION_COMMENTS = YES;
				CLANG_WARN_EMPTY_BODY = YES;
				CLANG_WARN_ENUM_CONVERSION = YES;
				CLANG_WARN_INFINITE_RECURSION = YES;
				CLANG_WARN_INT_CONVERSION = YES;
				CLANG_WARN_NON_LITERAL_NULL_CONVERSION = YES;
				CLANG_WARN_OBJC_IMPLICIT_RETAIN_SELF = YES;
				CLANG_WARN_OBJC_LITERAL_CONVERSION = YES;
				CLANG_WARN_OBJC_ROOT_CLASS = YES_ERROR;
				CLANG_WARN_QUOTED_INCLUDE_IN_FRAMEWORK_HEADER = YES;
				CLANG_WARN_RANGE_LOOP_ANALYSIS = YES;
				CLANG_WARN_STRICT_PROTOTYPES = YES;
				CLANG_WARN_SUSPICIOUS_MOVE = YES;
				CLANG_WARN_UNGUARDED_AVAILABILITY = YES_AGGRESSIVE;
				CLANG_WARN_UNREACHABLE_CODE = YES;
				CLANG_WARN__DUPLICATE_METHOD_MATCH = YES;
				COPY_PHASE_STRIP = NO;
				DEBUG_INFORMATION_FORMAT = "dwarf-with-dsym";
				ENABLE_NS_ASSERTIONS = NO;
				ENABLE_STRICT_OBJC_MSGSEND = YES;
				ENABLE_USER_SCRIPT_SANDBOXING = YES;
				GCC_C_LANGUAGE_STANDARD = gnu17;
				GCC_NO_COMMON_BLOCKS = YES;
				GCC_WARN_64_TO_32_BIT_CONVERSION = YES;
				GCC_WARN_ABOUT_RETURN_TYPE = YES_ERROR;
				GCC_WARN_UNDECLARED_SELECTOR = YES;
				GCC_WARN_UNINITIALIZED_AUTOS = YES_AGGRESSIVE;
				GCC_WARN_UNUSED_FUNCTION = YES;
				GCC_WARN_UNUSED_VARIABLE = YES;
				LOCALIZATION_PREFERS_STRING_CATALOGS = YES;
				MTL_ENABLE_DEBUG_INFO = NO;
				MTL_FAST_MATH = YES;
				SWIFT_COMPILATION_MODE = wholemodule;
			};
			name = Release;
		};
		068F10772DA09CC20059604F /* Debug */ = {
			isa = XCBuildConfiguration;
			buildSettings = {
				ASSETCATALOG_COMPILER_APPICON_NAME = AppIcon;
				ASSETCATALOG_COMPILER_GLOBAL_ACCENT_COLOR_NAME = AccentColor;
				CODE_SIGN_ENTITLEMENTS = FioVital/FioVital.entitlements;
				CODE_SIGN_STYLE = Automatic;
				CURRENT_PROJECT_VERSION = 1;
				DEVELOPMENT_ASSET_PATHS = "\"FioVital/Preview Content\"";
				ENABLE_PREVIEWS = YES;
				GENERATE_INFOPLIST_FILE = YES;
				"INFOPLIST_KEY_UIApplicationSceneManifest_Generation[sdk=iphoneos*]" = YES;
				"INFOPLIST_KEY_UIApplicationSceneManifest_Generation[sdk=iphonesimulator*]" = YES;
				"INFOPLIST_KEY_UIApplicationSupportsIndirectInputEvents[sdk=iphoneos*]" = YES;
				"INFOPLIST_KEY_UIApplicationSupportsIndirectInputEvents[sdk=iphonesimulator*]" = YES;
				"INFOPLIST_KEY_UILaunchScreen_Generation[sdk=iphoneos*]" = YES;
				"INFOPLIST_KEY_UILaunchScreen_Generation[sdk=iphonesimulator*]" = YES;
				"INFOPLIST_KEY_UIStatusBarStyle[sdk=iphoneos*]" = UIStatusBarStyleDefault;
				"INFOPLIST_KEY_UIStatusBarStyle[sdk=iphonesimulator*]" = UIStatusBarStyleDefault;
				INFOPLIST_KEY_UISupportedInterfaceOrientations_iPad = "UIInterfaceOrientationPortrait UIInterfaceOrientationPortraitUpsideDown UIInterfaceOrientationLandscapeLeft UIInterfaceOrientationLandscapeRight";
				INFOPLIST_KEY_UISupportedInterfaceOrientations_iPhone = "UIInterfaceOrientationPortrait UIInterfaceOrientationLandscapeLeft UIInterfaceOrientationLandscapeRight";
				IPHONEOS_DEPLOYMENT_TARGET = 17.5;
				LD_RUNPATH_SEARCH_PATHS = "@executable_path/Frameworks";
				"LD_RUNPATH_SEARCH_PATHS[sdk=macosx*]" = "@executable_path/../Frameworks";
				MACOSX_DEPLOYMENT_TARGET = 14.5;
				MARKETING_VERSION = 1.0;
				PRODUCT_BUNDLE_IDENTIFIER = "-.FioVital";
				PRODUCT_NAME = "$(TARGET_NAME)";
				SDKROOT = auto;
				SUPPORTED_PLATFORMS = "iphoneos iphonesimulator macosx";
				SWIFT_EMIT_LOC_STRINGS = YES;
				SWIFT_VERSION = 5.0;
				TARGETED_DEVICE_FAMILY = "1,2";
			};
			name = Debug;
		};
		068F10782DA09CC20059604F /* Release */ = {
			isa = XCBuildConfiguration;
			buildSettings = {
				ASSETCATALOG_COMPILER_APPICON_NAME = AppIcon;
				ASSETCATALOG_COMPILER_GLOBAL_ACCENT_COLOR_NAME = AccentColor;
				CODE_SIGN_ENTITLEMENTS = FioVital/FioVital.entitlements;
				CODE_SIGN_STYLE = Automatic;
				CURRENT_PROJECT_VERSION = 1;
				DEVELOPMENT_ASSET_PATHS = "\"FioVital/Preview Content\"";
				ENABLE_PREVIEWS = YES;
				GENERATE_INFOPLIST_FILE = YES;
				"INFOPLIST_KEY_UIApplicationSceneManifest_Generation[sdk=iphoneos*]" = YES;
				"INFOPLIST_KEY_UIApplicationSceneManifest_Generation[sdk=iphonesimulator*]" = YES;
				"INFOPLIST_KEY_UIApplicationSupportsIndirectInputEvents[sdk=iphoneos*]" = YES;
				"INFOPLIST_KEY_UIApplicationSupportsIndirectInputEvents[sdk=iphonesimulator*]" = YES;
				"INFOPLIST_KEY_UILaunchScreen_Generation[sdk=iphoneos*]" = YES;
				"INFOPLIST_KEY_UILaunchScreen_Generation[sdk=iphonesimulator*]" = YES;
				"INFOPLIST_KEY_UIStatusBarStyle[sdk=iphoneos*]" = UIStatusBarStyleDefault;
				"INFOPLIST_KEY_UIStatusBarStyle[sdk=iphonesimulator*]" = UIStatusBarStyleDefault;
				INFOPLIST_KEY_UISupportedInterfaceOrientations_iPad = "UIInterfaceOrientationPortrait UIInterfaceOrientationPortraitUpsideDown UIInterfaceOrientationLandscapeLeft UIInterfaceOrientationLandscapeRight";
				INFOPLIST_KEY_UISupportedInterfaceOrientations_iPhone = "UIInterfaceOrientationPortrait UIInterfaceOrientationLandscapeLeft UIInterfaceOrientationLandscapeRight";
				IPHONEOS_DEPLOYMENT_TARGET = 17.5;
				LD_RUNPATH_SEARCH_PATHS = "@executable_path/Frameworks";
				"LD_RUNPATH_SEARCH_PATHS[sdk=macosx*]" = "@executable_path/../Frameworks";
				MACOSX_DEPLOYMENT_TARGET = 14.5;
				MARKETING_VERSION = 1.0;
				PRODUCT_BUNDLE_IDENTIFIER = "-.FioVital";
				PRODUCT_NAME = "$(TARGET_NAME)";
				SDKROOT = auto;
				SUPPORTED_PLATFORMS = "iphoneos iphonesimulator macosx";
				SWIFT_EMIT_LOC_STRINGS = YES;
				SWIFT_VERSION = 5.0;
				TARGETED_DEVICE_FAMILY = "1,2";
			};
			name = Release;
		};
/* End XCBuildConfiguration section */

/* Begin XCConfigurationList section */
		068F10622DA09CC00059604F /* Build configuration list for PBXProject "FioVital" */ = {
			isa = XCConfigurationList;
			buildConfigurations = (
				068F10742DA09CC20059604F /* Debug */,
				068F10752DA09CC20059604F /* Release */,
			);
			defaultConfigurationIsVisible = 0;
			defaultConfigurationName = Release;
		};
		068F10762DA09CC20059604F /* Build configuration list for PBXNativeTarget "FioVital" */ = {
			isa = XCConfigurationList;
			buildConfigurations = (
				068F10772DA09CC20059604F /* Debug */,
				068F10782DA09CC20059604F /* Release */,
			);
			defaultConfigurationIsVisible = 0;
			defaultConfigurationName = Release;
		};
/* End XCConfigurationList section */
	};
	rootObject = 068F105F2DA09CC00059604F /* Project object */;
}
